
Microsoft Visual Studio Solution File, Format Version 12.00
# Visual Studio 14
VisualStudioVersion = 14.0.25123.0
MinimumVisualStudioVersion = 10.0.40219.1
Project("{F2F129DE-109B-4A19-A075-11AECB62B7EC}") = "Sitecore.Support.216013", "Sitecore.Support.216013\Sitecore.Support.216013.csproj", "{60E5F8DB-0786-4BB3-8552-056A21E18718}"
EndProject
Global
	GlobalSection(SolutionConfigurationPlatforms) = preSolution
		Debug|Any CPU = Debug|Any CPU
		Release|Any CPU = Release|Any CPU
	EndGlobalSection
	GlobalSection(ProjectConfigurationPlatforms) = postSolution
		{60E5F8DB-0786-4BB3-8552-056A21E18718}.Debug|Any CPU.ActiveCfg = Debug|Any CPU
		{60E5F8DB-0786-4BB3-8552-056A21E18718}.Debug|Any CPU.Build.0 = Debug|Any CPU
		{60E5F8DB-0786-4BB3-8552-056A21E18718}.Release|Any CPU.ActiveCfg = Release|Any CPU
		{60E5F8DB-0786-4BB3-8552-056A21E18718}.Release|Any CPU.Build.0 = Release|Any CPU
	EndGlobalSection
	GlobalSection(SolutionProperties) = preSolution
		HideSolutionNode = FALSE
	EndGlobalSection
EndGlobal
